<?xml version="1.0" encoding="utf-8"?>
<Project ToolsVersion="4.0" xmlns="http://schemas.microsoft.com/developer/msbuild/2003">
  <ItemGroup>
    <Filter Include="Source Files">
      <UniqueIdentifier>{4FC737F1-C7A5-4376-A066-2A32D752A2FF}</UniqueIdentifier>
      <Extensions>cpp;c;cc;cxx;def;odl;idl;hpj;bat;asm;asmx</Extensions>
    </Filter>
    <Filter Include="Header Files">
      <UniqueIdentifier>{93995380-89BD-4b04-88EB-625FBE52EBFB}</UniqueIdentifier>
      <Extensions>h;hh;hpp;hxx;hm;inl;inc;ipp;xsd</Extensions>
    </Filter>
    <Filter Include="Resource Files">
      <UniqueIdentifier>{67DA6AB6-F800-4c08-8B7A-83BB121AAD01}</UniqueIdentifier>
      <Extensions>rc;ico;cur;bmp;dlg;rc2;rct;bin;rgs;gif;jpg;jpeg;jpe;resx;tiff;tif;png;wav;mfcribbon-ms</Extensions>
    </Filter>
    <Filter Include="GameEngine">
      <UniqueIdentifier>{3db28e59-75c2-4870-894c-3b430f948165}</UniqueIdentifier>
    </Filter>
    <Filter Include="Game">
      <UniqueIdentifier>{5daebed0-951e-4d99-9fea-819210a846f3}</UniqueIdentifier>
    </Filter>
    <Filter Include="GameEngine\Header Files">
      <UniqueIdentifier>{92c5b630-3004-4b1d-8385-fa904d996a3a}</UniqueIdentifier>
    </Filter>
    <Filter Include="GameEngine\Source Files">
      <UniqueIdentifier>{e1dde289-c282-4e95-8863-357b8b72ea78}</UniqueIdentifier>
    </Filter>
    <Filter Include="Game\Header Files">
      <UniqueIdentifier>{222c67cf-fd6c-4295-9d88-c8dc357875f1}</UniqueIdentifier>
    </Filter>
    <Filter Include="Game\Source Files">
      <UniqueIdentifier>{dddc1628-7a53-45c4-96b5-43a04e044740}</UniqueIdentifier>
    </Filter>
  </ItemGroup>
  <ItemGroup>
    <ClCompile Include="Animator.cpp">
      <Filter>GameEngine\Source Files</Filter>
    </ClCompile>
    <ClCompile Include="Background.cpp">
      <Filter>GameEngine\Source Files</Filter>
    </ClCompile>
    <ClCompile Include="CollisionSprite.cpp">
      <Filter>GameEngine\Source Files</Filter>
    </ClCompile>
    <ClCompile Include="GameController.cpp">
      <Filter>GameEngine\Source Files</Filter>
    </ClCompile>
    <ClCompile Include="Sprite.cpp">
      <Filter>GameEngine\Source Files</Filter>
    </ClCompile>
    <ClCompile Include="System.cpp">
      <Filter>GameEngine\Source Files</Filter>
    </ClCompile>
    <ClCompile Include="Text.cpp">
      <Filter>GameEngine\Source Files</Filter>
    </ClCompile>
    <ClCompile Include="Player.cpp">
      <Filter>Game\Source Files</Filter>
    </ClCompile>
    <ClCompile Include="Character.cpp">
      <Filter>Game\Source Files</Filter>
    </ClCompile>
    <ClCompile Include="Main.cpp">
      <Filter>Game\Source Files</Filter>
    </ClCompile>
  </ItemGroup>
  <ItemGroup>
    <ClInclude Include="Text.h">
      <Filter>GameEngine\Header Files</Filter>
    </ClInclude>
    <ClInclude Include="System.h">
      <Filter>GameEngine\Header Files</Filter>
    </ClInclude>
    <ClInclude Include="Sprite.h">
      <Filter>GameEngine\Header Files</Filter>
    </ClInclude>
    <ClInclude Include="GameController.h">
      <Filter>GameEngine\Header Files</Filter>
    </ClInclude>
    <ClInclude Include="CollisionSprite.h">
      <Filter>GameEngine\Header Files</Filter>
    </ClInclude>
    <ClInclude Include="Background.h">
      <Filter>GameEngine\Header Files</Filter>
    </ClInclude>
    <ClInclude Include="Animator.h">
      <Filter>GameEngine\Header Files</Filter>
    </ClInclude>
    <ClInclude Include="Character.h">
      <Filter>Game\Header Files</Filter>
    </ClInclude>
    <ClInclude Include="Player.h">
      <Filter>Game\Header Files</Filter>
    </ClInclude>
    <ClInclude Include="Coordinate.h">
      <Filter>Game\Header Files</Filter>
    </ClInclude>
  </ItemGroup>
</Project>